// !$*UTF8*$!
{
	archiveVersion = 1;
	classes = {
	};
	objectVersion = 50;
	objects = {

/* Begin PBXBuildFile section */
		3FECE13D22CA74AE00185655 /* AppDelegate.swift in Sources */ = {isa = PBXBuildFile; fileRef = 3FECE13C22CA74AE00185655 /* AppDelegate.swift */; };
		3FECE13F22CA74AE00185655 /* ViewController.swift in Sources */ = {isa = PBXBuildFile; fileRef = 3FECE13E22CA74AE00185655 /* ViewController.swift */; };
		3FECE14222CA74AE00185655 /* Main.storyboard in Resources */ = {isa = PBXBuildFile; fileRef = 3FECE14022CA74AE00185655 /* Main.storyboard */; };
		3FECE14422CA74AF00185655 /* Assets.xcassets in Resources */ = {isa = PBXBuildFile; fileRef = 3FECE14322CA74AF00185655 /* Assets.xcassets */; };
		3FECE14722CA74AF00185655 /* LaunchScreen.storyboard in Resources */ = {isa = PBXBuildFile; fileRef = 3FECE14522CA74AF00185655 /* LaunchScreen.storyboard */; };
		3FECE15222CA74AF00185655 /* Your_Friend_AppTests.swift in Sources */ = {isa = PBXBuildFile; fileRef = 3FECE15122CA74AF00185655 /* Your_Friend_AppTests.swift */; };
		3FECE15D22CA74AF00185655 /* Your_Friend_AppUITests.swift in Sources */ = {isa = PBXBuildFile; fileRef = 3FECE15C22CA74AF00185655 /* Your_Friend_AppUITests.swift */; };
/* End PBXBuildFile section */

/* Begin PBXContainerItemProxy section */
		3FECE14E22CA74AF00185655 /* PBXContainerItemProxy */ = {
			isa = PBXContainerItemProxy;
			containerPortal = 3FECE13122CA74AE00185655 /* Project object */;
			proxyType = 1;
			remoteGlobalIDString = 3FECE13822CA74AE00185655;
			remoteInfo = "Your Friend App";
		};
		3FECE15922CA74AF00185655 /* PBXContainerItemProxy */ = {
			isa = PBXContainerItemProxy;
			containerPortal = 3FECE13122CA74AE00185655 /* Project object */;
			proxyType = 1;
			remoteGlobalIDString = 3FECE13822CA74AE00185655;
			remoteInfo = "Your Friend App";
		};
/* End PBXContainerItemProxy section */

/* Begin PBXFileReference section */
		3FECE13922CA74AE00185655 /* Your Friend App.app */ = {isa = PBXFileReference; explicitFileType = wrapper.application; includeInIndex = 0; path = "Your Friend App.app"; sourceTree = BUILT_PRODUCTS_DIR; };
		3FECE13C22CA74AE00185655 /* AppDelegate.swift */ = {isa = PBXFileReference; lastKnownFileType = sourcecode.swift; path = AppDelegate.swift; sourceTree = "<group>"; };
		3FECE13E22CA74AE00185655 /* ViewController.swift */ = {isa = PBXFileReference; lastKnownFileType = sourcecode.swift; path = ViewController.swift; sourceTree = "<group>"; };
		3FECE14122CA74AE00185655 /* Base */ = {isa = PBXFileReference; lastKnownFileType = file.storyboard; name = Base; path = Base.lproj/Main.storyboard; sourceTree = "<group>"; };
		3FECE14322CA74AF00185655 /* Assets.xcassets */ = {isa = PBXFileReference; lastKnownFileType = folder.assetcatalog; path = Assets.xcassets; sourceTree = "<group>"; };
		3FECE14622CA74AF00185655 /* Base */ = {isa = PBXFileReference; lastKnownFileType = file.storyboard; name = Base; path = Base.lproj/LaunchScreen.storyboard; sourceTree = "<group>"; };
		3FECE14822CA74AF00185655 /* Info.plist */ = {isa = PBXFileReference; lastKnownFileType = text.plist.xml; path = Info.plist; sourceTree = "<group>"; };
		3FECE14D22CA74AF00185655 /* Your Friend AppTests.xctest */ = {isa = PBXFileReference; explicitFileType = wrapper.cfbundle; includeInIndex = 0; path = "Your Friend AppTests.xctest"; sourceTree = BUILT_PRODUCTS_DIR; };
		3FECE15122CA74AF00185655 /* Your_Friend_AppTests.swift */ = {isa = PBXFileReference; lastKnownFileType = sourcecode.swift; path = Your_Friend_AppTests.swift; sourceTree = "<group>"; };
		3FECE15322CA74AF00185655 /* Info.plist */ = {isa = PBXFileReference; lastKnownFileType = text.plist.xml; path = Info.plist; sourceTree = "<group>"; };
		3FECE15822CA74AF00185655 /* Your Friend AppUITests.xctest */ = {isa = PBXFileReference; explicitFileType = wrapper.cfbundle; includeInIndex = 0; path = "Your Friend AppUITests.xctest"; sourceTree = BUILT_PRODUCTS_DIR; };
		3FECE15C22CA74AF00185655 /* Your_Friend_AppUITests.swift */ = {isa = PBXFileReference; lastKnownFileType = sourcecode.swift; path = Your_Friend_AppUITests.swift; sourceTree = "<group>"; };
		3FECE15E22CA74AF00185655 /* Info.plist */ = {isa = PBXFileReference; lastKnownFileType = text.plist.xml; path = Info.plist; sourceTree = "<group>"; };
/* End PBXFileReference section */

/* Begin PBXFrameworksBuildPhase section */
		3FECE13622CA74AE00185655 /* Frameworks */ = {
			isa = PBXFrameworksBuildPhase;
			buildActionMask = 2147483647;
			files = (
			);
			runOnlyForDeploymentPostprocessing = 0;
		};
		3FECE14A22CA74AF00185655 /* Frameworks */ = {
			isa = PBXFrameworksBuildPhase;
			buildActionMask = 2147483647;
			files = (
			);
			runOnlyForDeploymentPostprocessing = 0;
		};
		3FECE15522CA74AF00185655 /* Frameworks */ = {
			isa = PBXFrameworksBuildPhase;
			buildActionMask = 2147483647;
			files = (
			);
			runOnlyForDeploymentPostprocessing = 0;
		};
/* End PBXFrameworksBuildPhase section */

/* Begin PBXGroup section */
		3FECE13022CA74AE00185655 = {
			isa = PBXGroup;
			children = (
				3FECE13B22CA74AE00185655 /* Your Friend App */,
				3FECE15022CA74AF00185655 /* Your Friend AppTests */,
				3FECE15B22CA74AF00185655 /* Your Friend AppUITests */,
				3FECE13A22CA74AE00185655 /* Products */,
			);
			sourceTree = "<group>";
		};
		3FECE13A22CA74AE00185655 /* Products */ = {
			isa = PBXGroup;
			children = (
				3FECE13922CA74AE00185655 /* Your Friend App.app */,
				3FECE14D22CA74AF00185655 /* Your Friend AppTests.xctest */,
				3FECE15822CA74AF00185655 /* Your Friend AppUITests.xctest */,
			);
			name = Products;
			sourceTree = "<group>";
		};
		3FECE13B22CA74AE00185655 /* Your Friend App */ = {
			isa = PBXGroup;
			children = (
				3FECE13C22CA74AE00185655 /* AppDelegate.swift */,
				3FECE13E22CA74AE00185655 /* ViewController.swift */,
				3FECE14022CA74AE00185655 /* Main.storyboard */,
				3FECE14322CA74AF00185655 /* Assets.xcassets */,
				3FECE14522CA74AF00185655 /* LaunchScreen.storyboard */,
				3FECE14822CA74AF00185655 /* Info.plist */,
			);
			path = "Your Friend App";
			sourceTree = "<group>";
		};
		3FECE15022CA74AF00185655 /* Your Friend AppTests */ = {
			isa = PBXGroup;
			children = (
				3FECE15122CA74AF00185655 /* Your_Friend_AppTests.swift */,
				3FECE15322CA74AF00185655 /* Info.plist */,
			);
			path = "Your Friend AppTests";
			sourceTree = "<group>";
		};
		3FECE15B22CA74AF00185655 /* Your Friend AppUITests */ = {
			isa = PBXGroup;
			children = (
				3FECE15C22CA74AF00185655 /* Your_Friend_AppUITests.swift */,
				3FECE15E22CA74AF00185655 /* Info.plist */,
			);
			path = "Your Friend AppUITests";
			sourceTree = "<group>";
		};
/* End PBXGroup section */

/* Begin PBXNativeTarget section */
		3FECE13822CA74AE00185655 /* Your Friend App */ = {
			isa = PBXNativeTarget;
			buildConfigurationList = 3FECE16122CA74AF00185655 /* Build configuration list for PBXNativeTarget "Your Friend App" */;
			buildPhases = (
				3FECE13522CA74AE00185655 /* Sources */,
				3FECE13622CA74AE00185655 /* Frameworks */,
				3FECE13722CA74AE00185655 /* Resources */,
			);
			buildRules = (
			);
			dependencies = (
			);
			name = "Your Friend App";
			productName = "Your Friend App";
			productReference = 3FECE13922CA74AE00185655 /* Your Friend App.app */;
			productType = "com.apple.product-type.application";
		};
		3FECE14C22CA74AF00185655 /* Your Friend AppTests */ = {
			isa = PBXNativeTarget;
			buildConfigurationList = 3FECE16422CA74AF00185655 /* Build configuration list for PBXNativeTarget "Your Friend AppTests" */;
			buildPhases = (
				3FECE14922CA74AF00185655 /* Sources */,
				3FECE14A22CA74AF00185655 /* Frameworks */,
				3FECE14B22CA74AF00185655 /* Resources */,
			);
			buildRules = (
			);
			dependencies = (
				3FECE14F22CA74AF00185655 /* PBXTargetDependency */,
			);
			name = "Your Friend AppTests";
			productName = "Your Friend AppTests";
			productReference = 3FECE14D22CA74AF00185655 /* Your Friend AppTests.xctest */;
			productType = "com.apple.product-type.bundle.unit-test";
		};
		3FECE15722CA74AF00185655 /* Your Friend AppUITests */ = {
			isa = PBXNativeTarget;
			buildConfigurationList = 3FECE16722CA74AF00185655 /* Build configuration list for PBXNativeTarget "Your Friend AppUITests" */;
			buildPhases = (
				3FECE15422CA74AF00185655 /* Sources */,
				3FECE15522CA74AF00185655 /* Frameworks */,
				3FECE15622CA74AF00185655 /* Resources */,
			);
			buildRules = (
			);
			dependencies = (
				3FECE15A22CA74AF00185655 /* PBXTargetDependency */,
			);
			name = "Your Friend AppUITests";
			productName = "Your Friend AppUITests";
			productReference = 3FECE15822CA74AF00185655 /* Your Friend AppUITests.xctest */;
			productType = "com.apple.product-type.bundle.ui-testing";
		};
/* End PBXNativeTarget section */

/* Begin PBXProject section */
		3FECE13122CA74AE00185655 /* Project object */ = {
			isa = PBXProject;
			attributes = {
				LastSwiftUpdateCheck = 1010;
				LastUpgradeCheck = 1010;
				ORGANIZATIONNAME = student;
				TargetAttributes = {
					3FECE13822CA74AE00185655 = {
						CreatedOnToolsVersion = 10.1;
					};
					3FECE14C22CA74AF00185655 = {
						CreatedOnToolsVersion = 10.1;
						TestTargetID = 3FECE13822CA74AE00185655;
					};
					3FECE15722CA74AF00185655 = {
						CreatedOnToolsVersion = 10.1;
						TestTargetID = 3FECE13822CA74AE00185655;
					};
				};
			};
			buildConfigurationList = 3FECE13422CA74AE00185655 /* Build configuration list for PBXProject "Your Friend App" */;
			compatibilityVersion = "Xcode 9.3";
			developmentRegion = en;
			hasScannedForEncodings = 0;
			knownRegions = (
				en,
				Base,
			);
			mainGroup = 3FECE13022CA74AE00185655;
			productRefGroup = 3FECE13A22CA74AE00185655 /* Products */;
			projectDirPath = "";
			projectRoot = "";
			targets = (
				3FECE13822CA74AE00185655 /* Your Friend App */,
				3FECE14C22CA74AF00185655 /* Your Friend AppTests */,
				3FECE15722CA74AF00185655 /* Your Friend AppUITests */,
			);
		};
/* End PBXProject section */

/* Begin PBXResourcesBuildPhase section */
		3FECE13722CA74AE00185655 /* Resources */ = {
			isa = PBXResourcesBuildPhase;
			buildActionMask = 2147483647;
			files = (
				3FECE14722CA74AF00185655 /* LaunchScreen.storyboard in Resources */,
				3FECE14422CA74AF00185655 /* Assets.xcassets in Resources */,
				3FECE14222CA74AE00185655 /* Main.storyboard in Resources */,
			);
			runOnlyForDeploymentPostprocessing = 0;
		};
		3FECE14B22CA74AF00185655 /* Resources */ = {
			isa = PBXResourcesBuildPhase;
			buildActionMask = 2147483647;
			files = (
			);
			runOnlyForDeploymentPostprocessing = 0;
		};
		3FECE15622CA74AF00185655 /* Resources */ = {
			isa = PBXResourcesBuildPhase;
			buildActionMask = 2147483647;
			files = (
			);
			runOnlyForDeploymentPostprocessing = 0;
		};
/* End PBXResourcesBuildPhase section */

/* Begin PBXSourcesBuildPhase section */
		3FECE13522CA74AE00185655 /* Sources */ = {
			isa = PBXSourcesBuildPhase;
			buildActionMask = 2147483647;
			files = (
				3FECE13F22CA74AE00185655 /* ViewController.swift in Sources */,
				3FECE13D22CA74AE00185655 /* AppDelegate.swift in Sources */,
			);
			runOnlyForDeploymentPostprocessing = 0;
		};
		3FECE14922CA74AF00185655 /* Sources */ = {
			isa = PBXSourcesBuildPhase;
			buildActionMask = 2147483647;
			files = (
				3FECE15222CA74AF00185655 /* Your_Friend_AppTests.swift in Sources */,
			);
			runOnlyForDeploymentPostprocessing = 0;
		};
		3FECE15422CA74AF00185655 /* Sources */ = {
			isa = PBXSourcesBuildPhase;
			buildActionMask = 2147483647;
			files = (
				3FECE15D22CA74AF00185655 /* Your_Friend_AppUITests.swift in Sources */,
			);
			runOnlyForDeploymentPostprocessing = 0;
		};
/* End PBXSourcesBuildPhase section */

/* Begin PBXTargetDependency section */
		3FECE14F22CA74AF00185655 /* PBXTargetDependency */ = {
			isa = PBXTargetDependency;
			target = 3FECE13822CA74AE00185655 /* Your Friend App */;
			targetProxy = 3FECE14E22CA74AF00185655 /* PBXContainerItemProxy */;
		};
		3FECE15A22CA74AF00185655 /* PBXTargetDependency */ = {
			isa = PBXTargetDependency;
			target = 3FECE13822CA74AE00185655 /* Your Friend App */;
			targetProxy = 3FECE15922CA74AF00185655 /* PBXContainerItemProxy */;
		};
/* End PBXTargetDependency section */

/* Begin PBXVariantGroup section */
		3FECE14022CA74AE00185655 /* Main.storyboard */ = {
			isa = PBXVariantGroup;
			children = (
				3FECE14122CA74AE00185655 /* Base */,
			);
			name = Main.storyboard;
			sourceTree = "<group>";
		};
		3FECE14522CA74AF00185655 /* LaunchScreen.storyboard */ = {
			isa = PBXVariantGroup;
			children = (
				3FECE14622CA74AF00185655 /* Base */,
			);
			name = LaunchScreen.storyboard;
			sourceTree = "<group>";
		};
/* End PBXVariantGroup section */

/* Begin XCBuildConfiguration section */
		3FECE15F22CA74AF00185655 /* Debug */ = {
			isa = XCBuildConfiguration;
			buildSettings = {
				ALWAYS_SEARCH_USER_PATHS = NO;
				CLANG_ANALYZER_NONNULL = YES;
				CLANG_ANALYZER_NUMBER_OBJECT_CONVERSION = YES_AGGRESSIVE;
				CLANG_CXX_LANGUAGE_STANDARD = "gnu++14";
				CLANG_CXX_LIBRARY = "libc++";
				CLANG_ENABLE_MODULES = YES;
				CLANG_ENABLE_OBJC_ARC = YES;
				CLANG_ENABLE_OBJC_WEAK = YES;
				CLANG_WARN_BLOCK_CAPTURE_AUTORELEASING = YES;
				CLANG_WARN_BOOL_CONVERSION = YES;
				CLANG_WARN_COMMA = YES;
				CLANG_WARN_CONSTANT_CONVERSION = YES;
				CLANG_WARN_DEPRECATED_OBJC_IMPLEMENTATIONS = YES;
				CLANG_WARN_DIRECT_OBJC_ISA_USAGE = YES_ERROR;
				CLANG_WARN_DOCUMENTATION_COMMENTS = YES;
				CLANG_WARN_EMPTY_BODY = YES;
				CLANG_WARN_ENUM_CONVERSION = YES;
				CLANG_WARN_INFINITE_RECURSION = YES;
				CLANG_WARN_INT_CONVERSION = YES;
				CLANG_WARN_NON_LITERAL_NULL_CONVERSION = YES;
				CLANG_WARN_OBJC_IMPLICIT_RETAIN_SELF = YES;
				CLANG_WARN_OBJC_LITERAL_CONVERSION = YES;
				CLANG_WARN_OBJC_ROOT_CLASS = YES_ERROR;
				CLANG_WARN_RANGE_LOOP_ANALYSIS = YES;
				CLANG_WARN_STRICT_PROTOTYPES = YES;
				CLANG_WARN_SUSPICIOUS_MOVE = YES;
				CLANG_WARN_UNGUARDED_AVAILABILITY = YES_AGGRESSIVE;
				CLANG_WARN_UNREACHABLE_CODE = YES;
				CLANG_WARN__DUPLICATE_METHOD_MATCH = YES;
				CODE_SIGN_IDENTITY = "iPhone Developer";
				COPY_PHASE_STRIP = NO;
				DEBUG_INFORMATION_FORMAT = dwarf;
				ENABLE_STRICT_OBJC_MSGSEND = YES;
				ENABLE_TESTABILITY = YES;
				GCC_C_LANGUAGE_STANDARD = gnu11;
				GCC_DYNAMIC_NO_PIC = NO;
				GCC_NO_COMMON_BLOCKS = YES;
				GCC_OPTIMIZATION_LEVEL = 0;
				GCC_PREPROCESSOR_DEFINITIONS = (
					"DEBUG=1",
					"$(inherited)",
				);
				GCC_WARN_64_TO_32_BIT_CONVERSION = YES;
				GCC_WARN_ABOUT_RETURN_TYPE = YES_ERROR;
				GCC_WARN_UNDECLARED_SELECTOR = YES;
				GCC_WARN_UNINITIALIZED_AUTOS = YES_AGGRESSIVE;
				GCC_WARN_UNUSED_FUNCTION = YES;
				GCC_WARN_UNUSED_VARIABLE = YES;
				IPHONEOS_DEPLOYMENT_TARGET = 12.1;
				MTL_ENABLE_DEBUG_INFO = INCLUDE_SOURCE;
				MTL_FAST_MATH = YES;
				ONLY_ACTIVE_ARCH = YES;
				SDKROOT = iphoneos;
				SWIFT_ACTIVE_COMPILATION_CONDITIONS = DEBUG;
				SWIFT_OPTIMIZATION_LEVEL = "-Onone";
			};
			name = Debug;
		};
		3FECE16022CA74AF00185655 /* Release */ = {
			isa = XCBuildConfiguration;
			buildSettings = {
				ALWAYS_SEARCH_USER_PATHS = NO;
				CLANG_ANALYZER_NONNULL = YES;
				CLANG_ANALYZER_NUMBER_OBJECT_CONVERSION = YES_AGGRESSIVE;
				CLANG_CXX_LANGUAGE_STANDARD = "gnu++14";
				CLANG_CXX_LIBRARY = "libc++";
				CLANG_ENABLE_MODULES = YES;
				CLANG_ENABLE_OBJC_ARC = YES;
				CLANG_ENABLE_OBJC_WEAK = YES;
				CLANG_WARN_BLOCK_CAPTURE_AUTORELEASING = YES;
				CLANG_WARN_BOOL_CONVERSION = YES;
				CLANG_WARN_COMMA = YES;
				CLANG_WARN_CONSTANT_CONVERSION = YES;
				CLANG_WARN_DEPRECATED_OBJC_IMPLEMENTATIONS = YES;
				CLANG_WARN_DIRECT_OBJC_ISA_USAGE = YES_ERROR;
				CLANG_WARN_DOCUMENTATION_COMMENTS = YES;
				CLANG_WARN_EMPTY_BODY = YES;
				CLANG_WARN_ENUM_CONVERSION = YES;
				CLANG_WARN_INFINITE_RECURSION = YES;
				CLANG_WARN_INT_CONVERSION = YES;
				CLANG_WARN_NON_LITERAL_NULL_CONVERSION = YES;
				CLANG_WARN_OBJC_IMPLICIT_RETAIN_SELF = YES;
				CLANG_WARN_OBJC_LITERAL_CONVERSION = YES;
				CLANG_WARN_OBJC_ROOT_CLASS = YES_ERROR;
				CLANG_WARN_RANGE_LOOP_ANALYSIS = YES;
				CLANG_WARN_STRICT_PROTOTYPES = YES;
				CLANG_WARN_SUSPICIOUS_MOVE = YES;
				CLANG_WARN_UNGUARDED_AVAILABILITY = YES_AGGRESSIVE;
				CLANG_WARN_UNREACHABLE_CODE = YES;
				CLANG_WARN__DUPLICATE_METHOD_MATCH = YES;
				CODE_SIGN_IDENTITY = "iPhone Developer";
				COPY_PHASE_STRIP = NO;
				DEBUG_INFORMATION_FORMAT = "dwarf-with-dsym";
				ENABLE_NS_ASSERTIONS = NO;
				ENABLE_STRICT_OBJC_MSGSEND = YES;
				GCC_C_LANGUAGE_STANDARD = gnu11;
				GCC_NO_COMMON_BLOCKS = YES;
				GCC_WARN_64_TO_32_BIT_CONVERSION = YES;
				GCC_WARN_ABOUT_RETURN_TYPE = YES_ERROR;
				GCC_WARN_UNDECLARED_SELECTOR = YES;
				GCC_WARN_UNINITIALIZED_AUTOS = YES_AGGRESSIVE;
				GCC_WARN_UNUSED_FUNCTION = YES;
				GCC_WARN_UNUSED_VARIABLE = YES;
				IPHONEOS_DEPLOYMENT_TARGET = 12.1;
				MTL_ENABLE_DEBUG_INFO = NO;
				MTL_FAST_MATH = YES;
				SDKROOT = iphoneos;
				SWIFT_COMPILATION_MODE = wholemodule;
				SWIFT_OPTIMIZATION_LEVEL = "-O";
				VALIDATE_PRODUCT = YES;
			};
			name = Release;
		};
		3FECE16222CA74AF00185655 /* Debug */ = {
			isa = XCBuildConfiguration;
			buildSettings = {
				ASSETCATALOG_COMPILER_APPICON_NAME = AppIcon;
				CODE_SIGN_STYLE = Automatic;
				INFOPLIST_FILE = "Your Friend App/Info.plist";
				LD_RUNPATH_SEARCH_PATHS = (
					"$(inherited)",
					"@executable_path/Frameworks",
				);
				PRODUCT_BUNDLE_IDENTIFIER = "test.Your-Friend-App";
				PRODUCT_NAME = "$(TARGET_NAME)";
				SWIFT_VERSION = 4.2;
				TARGETED_DEVICE_FAMILY = "1,2";
			};
			name = Debug;
		};
		3FECE16322CA74AF00185655 /* Release */ = {
			isa = XCBuildConfiguration;
			buildSettings = {
				ASSETCATALOG_COMPILER_APPICON_NAME = AppIcon;
				CODE_SIGN_STYLE = Automatic;
				INFOPLIST_FILE = "Your Friend App/Info.plist";
				LD_RUNPATH_SEARCH_PATHS = (
					"$(inherited)",
					"@executable_path/Frameworks",
				);
				PRODUCT_BUNDLE_IDENTIFIER = "test.Your-Friend-App";
				PRODUCT_NAME = "$(TARGET_NAME)";
				SWIFT_VERSION = 4.2;
				TARGETED_DEVICE_FAMILY = "1,2";
			};
			name = Release;
		};
		3FECE16522CA74AF00185655 /* Debug */ = {
			isa = XCBuildConfiguration;
			buildSettings = {
				ALWAYS_EMBED_SWIFT_STANDARD_LIBRARIES = YES;
				BUNDLE_LOADER = "$(TEST_HOST)";
				CODE_SIGN_STYLE = Automatic;
				INFOPLIST_FILE = "Your Friend AppTests/Info.plist";
				LD_RUNPATH_SEARCH_PATHS = (
					"$(inherited)",
					"@executable_path/Frameworks",
					"@loader_path/Frameworks",
				);
				PRODUCT_BUNDLE_IDENTIFIER = "test.Your-Friend-AppTests";
				PRODUCT_NAME = "$(TARGET_NAME)";
				SWIFT_VERSION = 4.2;
				TARGETED_DEVICE_FAMILY = "1,2";
				TEST_HOST = "$(BUILT_PRODUCTS_DIR)/Your Friend App.app/Your Friend App";
			};
			name = Debug;
		};
		3FECE16622CA74AF00185655 /* Release */ = {
			isa = XCBuildConfiguration;
			buildSettings = {
				ALWAYS_EMBED_SWIFT_STANDARD_LIBRARIES = YES;
				BUNDLE_LOADER = "$(TEST_HOST)";
				CODE_SIGN_STYLE = Automatic;
				INFOPLIST_FILE = "Your Friend AppTests/Info.plist";
				LD_RUNPATH_SEARCH_PATHS = (
					"$(inherited)",
					"@executable_path/Frameworks",
					"@loader_path/Frameworks",
				);
				PRODUCT_BUNDLE_IDENTIFIER = "test.Your-Friend-AppTests";
				PRODUCT_NAME = "$(TARGET_NAME)";
				SWIFT_VERSION = 4.2;
				TARGETED_DEVICE_FAMILY = "1,2";
				TEST_HOST = "$(BUILT_PRODUCTS_DIR)/Your Friend App.app/Your Friend App";
			};
			name = Release;
		};
		3FECE16822CA74AF00185655 /* Debug */ = {
			isa = XCBuildConfiguration;
			buildSettings = {
				ALWAYS_EMBED_SWIFT_STANDARD_LIBRARIES = YES;
				CODE_SIGN_STYLE = Automatic;
				INFOPLIST_FILE = "Your Friend AppUITests/Info.plist";
				LD_RUNPATH_SEARCH_PATHS = (
					"$(inherited)",
					"@executable_path/Frameworks",
					"@loader_path/Frameworks",
				);
				PRODUCT_BUNDLE_IDENTIFIER = "test.Your-Friend-AppUITests";
				PRODUCT_NAME = "$(TARGET_NAME)";
				SWIFT_VERSION = 4.2;
				TARGETED_DEVICE_FAMILY = "1,2";
				TEST_TARGET_NAME = "Your Friend App";
			};
			name = Debug;
		};
		3FECE16922CA74AF00185655 /* Release */ = {
			isa = XCBuildConfiguration;
			buildSettings = {
				ALWAYS_EMBED_SWIFT_STANDARD_LIBRARIES = YES;
				CODE_SIGN_STYLE = Automatic;
				INFOPLIST_FILE = "Your Friend AppUITests/Info.plist";
				LD_RUNPATH_SEARCH_PATHS = (
					"$(inherited)",
					"@executable_path/Frameworks",
					"@loader_path/Frameworks",
				);
				PRODUCT_BUNDLE_IDENTIFIER = "test.Your-Friend-AppUITests";
				PRODUCT_NAME = "$(TARGET_NAME)";
				SWIFT_VERSION = 4.2;
				TARGETED_DEVICE_FAMILY = "1,2";
				TEST_TARGET_NAME = "Your Friend App";
			};
			name = Release;
		};
/* End XCBuildConfiguration section */

/* Begin XCConfigurationList section */
		3FECE13422CA74AE00185655 /* Build configuration list for PBXProject "Your Friend App" */ = {
			isa = XCConfigurationList;
			buildConfigurations = (
				3FECE15F22CA74AF00185655 /* Debug */,
				3FECE16022CA74AF00185655 /* Release */,
			);
			defaultConfigurationIsVisible = 0;
			defaultConfigurationName = Release;
		};
		3FECE16122CA74AF00185655 /* Build configuration list for PBXNativeTarget "Your Friend App" */ = {
			isa = XCConfigurationList;
			buildConfigurations = (
				3FECE16222CA74AF00185655 /* Debug */,
				3FECE16322CA74AF00185655 /* Release */,
			);
			defaultConfigurationIsVisible = 0;
			defaultConfigurationName = Release;
		};
		3FECE16422CA74AF00185655 /* Build configuration list for PBXNativeTarget "Your Friend AppTests" */ = {
			isa = XCConfigurationList;
			buildConfigurations = (
				3FECE16522CA74AF00185655 /* Debug */,
				3FECE16622CA74AF00185655 /* Release */,
			);
			defaultConfigurationIsVisible = 0;
			defaultConfigurationName = Release;
		};
		3FECE16722CA74AF00185655 /* Build configuration list for PBXNativeTarget "Your Friend AppUITests" */ = {
			isa = XCConfigurationList;
			buildConfigurations = (
				3FECE16822CA74AF00185655 /* Debug */,
				3FECE16922CA74AF00185655 /* Release */,
			);
			defaultConfigurationIsVisible = 0;
			defaultConfigurationName = Release;
		};
/* End XCConfigurationList section */
	};
	rootObject = 3FECE13122CA74AE00185655 /* Project object */;
}
