// !$*UTF8*$!
{
	archiveVersion = 1;
	classes = {
	};
	objectVersion = 50;
	objects = {

/* Begin PBXBuildFile section */
		3FECE10322CA675A00185655 /* AppDelegate.swift in Sources */ = {isa = PBXBuildFile; fileRef = 3FECE10222CA675A00185655 /* AppDelegate.swift */; };
		3FECE10522CA675A00185655 /* ViewController.swift in Sources */ = {isa = PBXBuildFile; fileRef = 3FECE10422CA675A00185655 /* ViewController.swift */; };
		3FECE10822CA675A00185655 /* Main.storyboard in Resources */ = {isa = PBXBuildFile; fileRef = 3FECE10622CA675A00185655 /* Main.storyboard */; };
		3FECE10A22CA675A00185655 /* Assets.xcassets in Resources */ = {isa = PBXBuildFile; fileRef = 3FECE10922CA675A00185655 /* Assets.xcassets */; };
		3FECE10D22CA675B00185655 /* LaunchScreen.storyboard in Resources */ = {isa = PBXBuildFile; fileRef = 3FECE10B22CA675B00185655 /* LaunchScreen.storyboard */; };
		3FECE11822CA675B00185655 /* eggggggTests.swift in Sources */ = {isa = PBXBuildFile; fileRef = 3FECE11722CA675B00185655 /* eggggggTests.swift */; };
		3FECE12322CA675B00185655 /* eggggggUITests.swift in Sources */ = {isa = PBXBuildFile; fileRef = 3FECE12222CA675B00185655 /* eggggggUITests.swift */; };
/* End PBXBuildFile section */

/* Begin PBXContainerItemProxy section */
		3FECE11422CA675B00185655 /* PBXContainerItemProxy */ = {
			isa = PBXContainerItemProxy;
			containerPortal = 3FECE0F722CA675A00185655 /* Project object */;
			proxyType = 1;
			remoteGlobalIDString = 3FECE0FE22CA675A00185655;
			remoteInfo = egggggg;
		};
		3FECE11F22CA675B00185655 /* PBXContainerItemProxy */ = {
			isa = PBXContainerItemProxy;
			containerPortal = 3FECE0F722CA675A00185655 /* Project object */;
			proxyType = 1;
			remoteGlobalIDString = 3FECE0FE22CA675A00185655;
			remoteInfo = egggggg;
		};
/* End PBXContainerItemProxy section */

/* Begin PBXFileReference section */
		3FECE0FF22CA675A00185655 /* egggggg.app */ = {isa = PBXFileReference; explicitFileType = wrapper.application; includeInIndex = 0; path = egggggg.app; sourceTree = BUILT_PRODUCTS_DIR; };
		3FECE10222CA675A00185655 /* AppDelegate.swift */ = {isa = PBXFileReference; lastKnownFileType = sourcecode.swift; path = AppDelegate.swift; sourceTree = "<group>"; };
		3FECE10422CA675A00185655 /* ViewController.swift */ = {isa = PBXFileReference; lastKnownFileType = sourcecode.swift; path = ViewController.swift; sourceTree = "<group>"; };
		3FECE10722CA675A00185655 /* Base */ = {isa = PBXFileReference; lastKnownFileType = file.storyboard; name = Base; path = Base.lproj/Main.storyboard; sourceTree = "<group>"; };
		3FECE10922CA675A00185655 /* Assets.xcassets */ = {isa = PBXFileReference; lastKnownFileType = folder.assetcatalog; path = Assets.xcassets; sourceTree = "<group>"; };
		3FECE10C22CA675B00185655 /* Base */ = {isa = PBXFileReference; lastKnownFileType = file.storyboard; name = Base; path = Base.lproj/LaunchScreen.storyboard; sourceTree = "<group>"; };
		3FECE10E22CA675B00185655 /* Info.plist */ = {isa = PBXFileReference; lastKnownFileType = text.plist.xml; path = Info.plist; sourceTree = "<group>"; };
		3FECE11322CA675B00185655 /* eggggggTests.xctest */ = {isa = PBXFileReference; explicitFileType = wrapper.cfbundle; includeInIndex = 0; path = eggggggTests.xctest; sourceTree = BUILT_PRODUCTS_DIR; };
		3FECE11722CA675B00185655 /* eggggggTests.swift */ = {isa = PBXFileReference; lastKnownFileType = sourcecode.swift; path = eggggggTests.swift; sourceTree = "<group>"; };
		3FECE11922CA675B00185655 /* Info.plist */ = {isa = PBXFileReference; lastKnownFileType = text.plist.xml; path = Info.plist; sourceTree = "<group>"; };
		3FECE11E22CA675B00185655 /* eggggggUITests.xctest */ = {isa = PBXFileReference; explicitFileType = wrapper.cfbundle; includeInIndex = 0; path = eggggggUITests.xctest; sourceTree = BUILT_PRODUCTS_DIR; };
		3FECE12222CA675B00185655 /* eggggggUITests.swift */ = {isa = PBXFileReference; lastKnownFileType = sourcecode.swift; path = eggggggUITests.swift; sourceTree = "<group>"; };
		3FECE12422CA675B00185655 /* Info.plist */ = {isa = PBXFileReference; lastKnownFileType = text.plist.xml; path = Info.plist; sourceTree = "<group>"; };
/* End PBXFileReference section */

/* Begin PBXFrameworksBuildPhase section */
		3FECE0FC22CA675A00185655 /* Frameworks */ = {
			isa = PBXFrameworksBuildPhase;
			buildActionMask = 2147483647;
			files = (
			);
			runOnlyForDeploymentPostprocessing = 0;
		};
		3FECE11022CA675B00185655 /* Frameworks */ = {
			isa = PBXFrameworksBuildPhase;
			buildActionMask = 2147483647;
			files = (
			);
			runOnlyForDeploymentPostprocessing = 0;
		};
		3FECE11B22CA675B00185655 /* Frameworks */ = {
			isa = PBXFrameworksBuildPhase;
			buildActionMask = 2147483647;
			files = (
			);
			runOnlyForDeploymentPostprocessing = 0;
		};
/* End PBXFrameworksBuildPhase section */

/* Begin PBXGroup section */
		3FECE0F622CA675A00185655 = {
			isa = PBXGroup;
			children = (
				3FECE10122CA675A00185655 /* egggggg */,
				3FECE11622CA675B00185655 /* eggggggTests */,
				3FECE12122CA675B00185655 /* eggggggUITests */,
				3FECE10022CA675A00185655 /* Products */,
			);
			sourceTree = "<group>";
		};
		3FECE10022CA675A00185655 /* Products */ = {
			isa = PBXGroup;
			children = (
				3FECE0FF22CA675A00185655 /* egggggg.app */,
				3FECE11322CA675B00185655 /* eggggggTests.xctest */,
				3FECE11E22CA675B00185655 /* eggggggUITests.xctest */,
			);
			name = Products;
			sourceTree = "<group>";
		};
		3FECE10122CA675A00185655 /* egggggg */ = {
			isa = PBXGroup;
			children = (
				3FECE10222CA675A00185655 /* AppDelegate.swift */,
				3FECE10422CA675A00185655 /* ViewController.swift */,
				3FECE10622CA675A00185655 /* Main.storyboard */,
				3FECE10922CA675A00185655 /* Assets.xcassets */,
				3FECE10B22CA675B00185655 /* LaunchScreen.storyboard */,
				3FECE10E22CA675B00185655 /* Info.plist */,
			);
			path = egggggg;
			sourceTree = "<group>";
		};
		3FECE11622CA675B00185655 /* eggggggTests */ = {
			isa = PBXGroup;
			children = (
				3FECE11722CA675B00185655 /* eggggggTests.swift */,
				3FECE11922CA675B00185655 /* Info.plist */,
			);
			path = eggggggTests;
			sourceTree = "<group>";
		};
		3FECE12122CA675B00185655 /* eggggggUITests */ = {
			isa = PBXGroup;
			children = (
				3FECE12222CA675B00185655 /* eggggggUITests.swift */,
				3FECE12422CA675B00185655 /* Info.plist */,
			);
			path = eggggggUITests;
			sourceTree = "<group>";
		};
/* End PBXGroup section */

/* Begin PBXNativeTarget section */
		3FECE0FE22CA675A00185655 /* egggggg */ = {
			isa = PBXNativeTarget;
			buildConfigurationList = 3FECE12722CA675B00185655 /* Build configuration list for PBXNativeTarget "egggggg" */;
			buildPhases = (
				3FECE0FB22CA675A00185655 /* Sources */,
				3FECE0FC22CA675A00185655 /* Frameworks */,
				3FECE0FD22CA675A00185655 /* Resources */,
			);
			buildRules = (
			);
			dependencies = (
			);
			name = egggggg;
			productName = egggggg;
			productReference = 3FECE0FF22CA675A00185655 /* egggggg.app */;
			productType = "com.apple.product-type.application";
		};
		3FECE11222CA675B00185655 /* eggggggTests */ = {
			isa = PBXNativeTarget;
			buildConfigurationList = 3FECE12A22CA675B00185655 /* Build configuration list for PBXNativeTarget "eggggggTests" */;
			buildPhases = (
				3FECE10F22CA675B00185655 /* Sources */,
				3FECE11022CA675B00185655 /* Frameworks */,
				3FECE11122CA675B00185655 /* Resources */,
			);
			buildRules = (
			);
			dependencies = (
				3FECE11522CA675B00185655 /* PBXTargetDependency */,
			);
			name = eggggggTests;
			productName = eggggggTests;
			productReference = 3FECE11322CA675B00185655 /* eggggggTests.xctest */;
			productType = "com.apple.product-type.bundle.unit-test";
		};
		3FECE11D22CA675B00185655 /* eggggggUITests */ = {
			isa = PBXNativeTarget;
			buildConfigurationList = 3FECE12D22CA675B00185655 /* Build configuration list for PBXNativeTarget "eggggggUITests" */;
			buildPhases = (
				3FECE11A22CA675B00185655 /* Sources */,
				3FECE11B22CA675B00185655 /* Frameworks */,
				3FECE11C22CA675B00185655 /* Resources */,
			);
			buildRules = (
			);
			dependencies = (
				3FECE12022CA675B00185655 /* PBXTargetDependency */,
			);
			name = eggggggUITests;
			productName = eggggggUITests;
			productReference = 3FECE11E22CA675B00185655 /* eggggggUITests.xctest */;
			productType = "com.apple.product-type.bundle.ui-testing";
		};
/* End PBXNativeTarget section */

/* Begin PBXProject section */
		3FECE0F722CA675A00185655 /* Project object */ = {
			isa = PBXProject;
			attributes = {
				LastSwiftUpdateCheck = 1010;
				LastUpgradeCheck = 1010;
				ORGANIZATIONNAME = student;
				TargetAttributes = {
					3FECE0FE22CA675A00185655 = {
						CreatedOnToolsVersion = 10.1;
					};
					3FECE11222CA675B00185655 = {
						CreatedOnToolsVersion = 10.1;
						TestTargetID = 3FECE0FE22CA675A00185655;
					};
					3FECE11D22CA675B00185655 = {
						CreatedOnToolsVersion = 10.1;
						TestTargetID = 3FECE0FE22CA675A00185655;
					};
				};
			};
			buildConfigurationList = 3FECE0FA22CA675A00185655 /* Build configuration list for PBXProject "egggggg" */;
			compatibilityVersion = "Xcode 9.3";
			developmentRegion = en;
			hasScannedForEncodings = 0;
			knownRegions = (
				en,
				Base,
			);
			mainGroup = 3FECE0F622CA675A00185655;
			productRefGroup = 3FECE10022CA675A00185655 /* Products */;
			projectDirPath = "";
			projectRoot = "";
			targets = (
				3FECE0FE22CA675A00185655 /* egggggg */,
				3FECE11222CA675B00185655 /* eggggggTests */,
				3FECE11D22CA675B00185655 /* eggggggUITests */,
			);
		};
/* End PBXProject section */

/* Begin PBXResourcesBuildPhase section */
		3FECE0FD22CA675A00185655 /* Resources */ = {
			isa = PBXResourcesBuildPhase;
			buildActionMask = 2147483647;
			files = (
				3FECE10D22CA675B00185655 /* LaunchScreen.storyboard in Resources */,
				3FECE10A22CA675A00185655 /* Assets.xcassets in Resources */,
				3FECE10822CA675A00185655 /* Main.storyboard in Resources */,
			);
			runOnlyForDeploymentPostprocessing = 0;
		};
		3FECE11122CA675B00185655 /* Resources */ = {
			isa = PBXResourcesBuildPhase;
			buildActionMask = 2147483647;
			files = (
			);
			runOnlyForDeploymentPostprocessing = 0;
		};
		3FECE11C22CA675B00185655 /* Resources */ = {
			isa = PBXResourcesBuildPhase;
			buildActionMask = 2147483647;
			files = (
			);
			runOnlyForDeploymentPostprocessing = 0;
		};
/* End PBXResourcesBuildPhase section */

/* Begin PBXSourcesBuildPhase section */
		3FECE0FB22CA675A00185655 /* Sources */ = {
			isa = PBXSourcesBuildPhase;
			buildActionMask = 2147483647;
			files = (
				3FECE10522CA675A00185655 /* ViewController.swift in Sources */,
				3FECE10322CA675A00185655 /* AppDelegate.swift in Sources */,
			);
			runOnlyForDeploymentPostprocessing = 0;
		};
		3FECE10F22CA675B00185655 /* Sources */ = {
			isa = PBXSourcesBuildPhase;
			buildActionMask = 2147483647;
			files = (
				3FECE11822CA675B00185655 /* eggggggTests.swift in Sources */,
			);
			runOnlyForDeploymentPostprocessing = 0;
		};
		3FECE11A22CA675B00185655 /* Sources */ = {
			isa = PBXSourcesBuildPhase;
			buildActionMask = 2147483647;
			files = (
				3FECE12322CA675B00185655 /* eggggggUITests.swift in Sources */,
			);
			runOnlyForDeploymentPostprocessing = 0;
		};
/* End PBXSourcesBuildPhase section */

/* Begin PBXTargetDependency section */
		3FECE11522CA675B00185655 /* PBXTargetDependency */ = {
			isa = PBXTargetDependency;
			target = 3FECE0FE22CA675A00185655 /* egggggg */;
			targetProxy = 3FECE11422CA675B00185655 /* PBXContainerItemProxy */;
		};
		3FECE12022CA675B00185655 /* PBXTargetDependency */ = {
			isa = PBXTargetDependency;
			target = 3FECE0FE22CA675A00185655 /* egggggg */;
			targetProxy = 3FECE11F22CA675B00185655 /* PBXContainerItemProxy */;
		};
/* End PBXTargetDependency section */

/* Begin PBXVariantGroup section */
		3FECE10622CA675A00185655 /* Main.storyboard */ = {
			isa = PBXVariantGroup;
			children = (
				3FECE10722CA675A00185655 /* Base */,
			);
			name = Main.storyboard;
			sourceTree = "<group>";
		};
		3FECE10B22CA675B00185655 /* LaunchScreen.storyboard */ = {
			isa = PBXVariantGroup;
			children = (
				3FECE10C22CA675B00185655 /* Base */,
			);
			name = LaunchScreen.storyboard;
			sourceTree = "<group>";
		};
/* End PBXVariantGroup section */

/* Begin XCBuildConfiguration section */
		3FECE12522CA675B00185655 /* Debug */ = {
			isa = XCBuildConfiguration;
			buildSettings = {
				ALWAYS_SEARCH_USER_PATHS = NO;
				CLANG_ANALYZER_NONNULL = YES;
				CLANG_ANALYZER_NUMBER_OBJECT_CONVERSION = YES_AGGRESSIVE;
				CLANG_CXX_LANGUAGE_STANDARD = "gnu++14";
				CLANG_CXX_LIBRARY = "libc++";
				CLANG_ENABLE_MODULES = YES;
				CLANG_ENABLE_OBJC_ARC = YES;
				CLANG_ENABLE_OBJC_WEAK = YES;
				CLANG_WARN_BLOCK_CAPTURE_AUTORELEASING = YES;
				CLANG_WARN_BOOL_CONVERSION = YES;
				CLANG_WARN_COMMA = YES;
				CLANG_WARN_CONSTANT_CONVERSION = YES;
				CLANG_WARN_DEPRECATED_OBJC_IMPLEMENTATIONS = YES;
				CLANG_WARN_DIRECT_OBJC_ISA_USAGE = YES_ERROR;
				CLANG_WARN_DOCUMENTATION_COMMENTS = YES;
				CLANG_WARN_EMPTY_BODY = YES;
				CLANG_WARN_ENUM_CONVERSION = YES;
				CLANG_WARN_INFINITE_RECURSION = YES;
				CLANG_WARN_INT_CONVERSION = YES;
				CLANG_WARN_NON_LITERAL_NULL_CONVERSION = YES;
				CLANG_WARN_OBJC_IMPLICIT_RETAIN_SELF = YES;
				CLANG_WARN_OBJC_LITERAL_CONVERSION = YES;
				CLANG_WARN_OBJC_ROOT_CLASS = YES_ERROR;
				CLANG_WARN_RANGE_LOOP_ANALYSIS = YES;
				CLANG_WARN_STRICT_PROTOTYPES = YES;
				CLANG_WARN_SUSPICIOUS_MOVE = YES;
				CLANG_WARN_UNGUARDED_AVAILABILITY = YES_AGGRESSIVE;
				CLANG_WARN_UNREACHABLE_CODE = YES;
				CLANG_WARN__DUPLICATE_METHOD_MATCH = YES;
				CODE_SIGN_IDENTITY = "iPhone Developer";
				COPY_PHASE_STRIP = NO;
				DEBUG_INFORMATION_FORMAT = dwarf;
				ENABLE_STRICT_OBJC_MSGSEND = YES;
				ENABLE_TESTABILITY = YES;
				GCC_C_LANGUAGE_STANDARD = gnu11;
				GCC_DYNAMIC_NO_PIC = NO;
				GCC_NO_COMMON_BLOCKS = YES;
				GCC_OPTIMIZATION_LEVEL = 0;
				GCC_PREPROCESSOR_DEFINITIONS = (
					"DEBUG=1",
					"$(inherited)",
				);
				GCC_WARN_64_TO_32_BIT_CONVERSION = YES;
				GCC_WARN_ABOUT_RETURN_TYPE = YES_ERROR;
				GCC_WARN_UNDECLARED_SELECTOR = YES;
				GCC_WARN_UNINITIALIZED_AUTOS = YES_AGGRESSIVE;
				GCC_WARN_UNUSED_FUNCTION = YES;
				GCC_WARN_UNUSED_VARIABLE = YES;
				IPHONEOS_DEPLOYMENT_TARGET = 12.1;
				MTL_ENABLE_DEBUG_INFO = INCLUDE_SOURCE;
				MTL_FAST_MATH = YES;
				ONLY_ACTIVE_ARCH = YES;
				SDKROOT = iphoneos;
				SWIFT_ACTIVE_COMPILATION_CONDITIONS = DEBUG;
				SWIFT_OPTIMIZATION_LEVEL = "-Onone";
			};
			name = Debug;
		};
		3FECE12622CA675B00185655 /* Release */ = {
			isa = XCBuildConfiguration;
			buildSettings = {
				ALWAYS_SEARCH_USER_PATHS = NO;
				CLANG_ANALYZER_NONNULL = YES;
				CLANG_ANALYZER_NUMBER_OBJECT_CONVERSION = YES_AGGRESSIVE;
				CLANG_CXX_LANGUAGE_STANDARD = "gnu++14";
				CLANG_CXX_LIBRARY = "libc++";
				CLANG_ENABLE_MODULES = YES;
				CLANG_ENABLE_OBJC_ARC = YES;
				CLANG_ENABLE_OBJC_WEAK = YES;
				CLANG_WARN_BLOCK_CAPTURE_AUTORELEASING = YES;
				CLANG_WARN_BOOL_CONVERSION = YES;
				CLANG_WARN_COMMA = YES;
				CLANG_WARN_CONSTANT_CONVERSION = YES;
				CLANG_WARN_DEPRECATED_OBJC_IMPLEMENTATIONS = YES;
				CLANG_WARN_DIRECT_OBJC_ISA_USAGE = YES_ERROR;
				CLANG_WARN_DOCUMENTATION_COMMENTS = YES;
				CLANG_WARN_EMPTY_BODY = YES;
				CLANG_WARN_ENUM_CONVERSION = YES;
				CLANG_WARN_INFINITE_RECURSION = YES;
				CLANG_WARN_INT_CONVERSION = YES;
				CLANG_WARN_NON_LITERAL_NULL_CONVERSION = YES;
				CLANG_WARN_OBJC_IMPLICIT_RETAIN_SELF = YES;
				CLANG_WARN_OBJC_LITERAL_CONVERSION = YES;
				CLANG_WARN_OBJC_ROOT_CLASS = YES_ERROR;
				CLANG_WARN_RANGE_LOOP_ANALYSIS = YES;
				CLANG_WARN_STRICT_PROTOTYPES = YES;
				CLANG_WARN_SUSPICIOUS_MOVE = YES;
				CLANG_WARN_UNGUARDED_AVAILABILITY = YES_AGGRESSIVE;
				CLANG_WARN_UNREACHABLE_CODE = YES;
				CLANG_WARN__DUPLICATE_METHOD_MATCH = YES;
				CODE_SIGN_IDENTITY = "iPhone Developer";
				COPY_PHASE_STRIP = NO;
				DEBUG_INFORMATION_FORMAT = "dwarf-with-dsym";
				ENABLE_NS_ASSERTIONS = NO;
				ENABLE_STRICT_OBJC_MSGSEND = YES;
				GCC_C_LANGUAGE_STANDARD = gnu11;
				GCC_NO_COMMON_BLOCKS = YES;
				GCC_WARN_64_TO_32_BIT_CONVERSION = YES;
				GCC_WARN_ABOUT_RETURN_TYPE = YES_ERROR;
				GCC_WARN_UNDECLARED_SELECTOR = YES;
				GCC_WARN_UNINITIALIZED_AUTOS = YES_AGGRESSIVE;
				GCC_WARN_UNUSED_FUNCTION = YES;
				GCC_WARN_UNUSED_VARIABLE = YES;
				IPHONEOS_DEPLOYMENT_TARGET = 12.1;
				MTL_ENABLE_DEBUG_INFO = NO;
				MTL_FAST_MATH = YES;
				SDKROOT = iphoneos;
				SWIFT_COMPILATION_MODE = wholemodule;
				SWIFT_OPTIMIZATION_LEVEL = "-O";
				VALIDATE_PRODUCT = YES;
			};
			name = Release;
		};
		3FECE12822CA675B00185655 /* Debug */ = {
			isa = XCBuildConfiguration;
			buildSettings = {
				ASSETCATALOG_COMPILER_APPICON_NAME = AppIcon;
				CODE_SIGN_STYLE = Automatic;
				INFOPLIST_FILE = egggggg/Info.plist;
				LD_RUNPATH_SEARCH_PATHS = (
					"$(inherited)",
					"@executable_path/Frameworks",
				);
				PRODUCT_BUNDLE_IDENTIFIER = test.egggggg;
				PRODUCT_NAME = "$(TARGET_NAME)";
				SWIFT_VERSION = 4.2;
				TARGETED_DEVICE_FAMILY = "1,2";
			};
			name = Debug;
		};
		3FECE12922CA675B00185655 /* Release */ = {
			isa = XCBuildConfiguration;
			buildSettings = {
				ASSETCATALOG_COMPILER_APPICON_NAME = AppIcon;
				CODE_SIGN_STYLE = Automatic;
				INFOPLIST_FILE = egggggg/Info.plist;
				LD_RUNPATH_SEARCH_PATHS = (
					"$(inherited)",
					"@executable_path/Frameworks",
				);
				PRODUCT_BUNDLE_IDENTIFIER = test.egggggg;
				PRODUCT_NAME = "$(TARGET_NAME)";
				SWIFT_VERSION = 4.2;
				TARGETED_DEVICE_FAMILY = "1,2";
			};
			name = Release;
		};
		3FECE12B22CA675B00185655 /* Debug */ = {
			isa = XCBuildConfiguration;
			buildSettings = {
				ALWAYS_EMBED_SWIFT_STANDARD_LIBRARIES = YES;
				BUNDLE_LOADER = "$(TEST_HOST)";
				CODE_SIGN_STYLE = Automatic;
				INFOPLIST_FILE = eggggggTests/Info.plist;
				LD_RUNPATH_SEARCH_PATHS = (
					"$(inherited)",
					"@executable_path/Frameworks",
					"@loader_path/Frameworks",
				);
				PRODUCT_BUNDLE_IDENTIFIER = test.eggggggTests;
				PRODUCT_NAME = "$(TARGET_NAME)";
				SWIFT_VERSION = 4.2;
				TARGETED_DEVICE_FAMILY = "1,2";
				TEST_HOST = "$(BUILT_PRODUCTS_DIR)/egggggg.app/egggggg";
			};
			name = Debug;
		};
		3FECE12C22CA675B00185655 /* Release */ = {
			isa = XCBuildConfiguration;
			buildSettings = {
				ALWAYS_EMBED_SWIFT_STANDARD_LIBRARIES = YES;
				BUNDLE_LOADER = "$(TEST_HOST)";
				CODE_SIGN_STYLE = Automatic;
				INFOPLIST_FILE = eggggggTests/Info.plist;
				LD_RUNPATH_SEARCH_PATHS = (
					"$(inherited)",
					"@executable_path/Frameworks",
					"@loader_path/Frameworks",
				);
				PRODUCT_BUNDLE_IDENTIFIER = test.eggggggTests;
				PRODUCT_NAME = "$(TARGET_NAME)";
				SWIFT_VERSION = 4.2;
				TARGETED_DEVICE_FAMILY = "1,2";
				TEST_HOST = "$(BUILT_PRODUCTS_DIR)/egggggg.app/egggggg";
			};
			name = Release;
		};
		3FECE12E22CA675B00185655 /* Debug */ = {
			isa = XCBuildConfiguration;
			buildSettings = {
				ALWAYS_EMBED_SWIFT_STANDARD_LIBRARIES = YES;
				CODE_SIGN_STYLE = Automatic;
				INFOPLIST_FILE = eggggggUITests/Info.plist;
				LD_RUNPATH_SEARCH_PATHS = (
					"$(inherited)",
					"@executable_path/Frameworks",
					"@loader_path/Frameworks",
				);
				PRODUCT_BUNDLE_IDENTIFIER = test.eggggggUITests;
				PRODUCT_NAME = "$(TARGET_NAME)";
				SWIFT_VERSION = 4.2;
				TARGETED_DEVICE_FAMILY = "1,2";
				TEST_TARGET_NAME = egggggg;
			};
			name = Debug;
		};
		3FECE12F22CA675B00185655 /* Release */ = {
			isa = XCBuildConfiguration;
			buildSettings = {
				ALWAYS_EMBED_SWIFT_STANDARD_LIBRARIES = YES;
				CODE_SIGN_STYLE = Automatic;
				INFOPLIST_FILE = eggggggUITests/Info.plist;
				LD_RUNPATH_SEARCH_PATHS = (
					"$(inherited)",
					"@executable_path/Frameworks",
					"@loader_path/Frameworks",
				);
				PRODUCT_BUNDLE_IDENTIFIER = test.eggggggUITests;
				PRODUCT_NAME = "$(TARGET_NAME)";
				SWIFT_VERSION = 4.2;
				TARGETED_DEVICE_FAMILY = "1,2";
				TEST_TARGET_NAME = egggggg;
			};
			name = Release;
		};
/* End XCBuildConfiguration section */

/* Begin XCConfigurationList section */
		3FECE0FA22CA675A00185655 /* Build configuration list for PBXProject "egggggg" */ = {
			isa = XCConfigurationList;
			buildConfigurations = (
				3FECE12522CA675B00185655 /* Debug */,
				3FECE12622CA675B00185655 /* Release */,
			);
			defaultConfigurationIsVisible = 0;
			defaultConfigurationName = Release;
		};
		3FECE12722CA675B00185655 /* Build configuration list for PBXNativeTarget "egggggg" */ = {
			isa = XCConfigurationList;
			buildConfigurations = (
				3FECE12822CA675B00185655 /* Debug */,
				3FECE12922CA675B00185655 /* Release */,
			);
			defaultConfigurationIsVisible = 0;
			defaultConfigurationName = Release;
		};
		3FECE12A22CA675B00185655 /* Build configuration list for PBXNativeTarget "eggggggTests" */ = {
			isa = XCConfigurationList;
			buildConfigurations = (
				3FECE12B22CA675B00185655 /* Debug */,
				3FECE12C22CA675B00185655 /* Release */,
			);
			defaultConfigurationIsVisible = 0;
			defaultConfigurationName = Release;
		};
		3FECE12D22CA675B00185655 /* Build configuration list for PBXNativeTarget "eggggggUITests" */ = {
			isa = XCConfigurationList;
			buildConfigurations = (
				3FECE12E22CA675B00185655 /* Debug */,
				3FECE12F22CA675B00185655 /* Release */,
			);
			defaultConfigurationIsVisible = 0;
			defaultConfigurationName = Release;
		};
/* End XCConfigurationList section */
	};
	rootObject = 3FECE0F722CA675A00185655 /* Project object */;
}
